
Microsoft Visual Studio Solution File, Format Version 12.00
# Visual Studio Version 16
VisualStudioVersion = 16.0.29709.97
MinimumVisualStudioVersion = 10.0.40219.1
Project("{FAE04EC0-301F-11D3-BF4B-00C04F79EFBC}") = "InterviewExample", "InterviewExample.csproj", "{338872FD-D7FA-4A18-B93F-00421E8D07E3}"
EndProject
Global
	GlobalSection(SolutionConfigurationPlatforms) = preSolution
		Debug|Any CPU = Debug|Any CPU
		Release|Any CPU = Release|Any CPU
	EndGlobalSection
	GlobalSection(ProjectConfigurationPlatforms) = postSolution
		{338872FD-D7FA-4A18-B93F-00421E8D07E3}.Debug|Any CPU.ActiveCfg = Debug|Any CPU
		{338872FD-D7FA-4A18-B93F-00421E8D07E3}.Debug|Any CPU.Build.0 = Debug|Any CPU
		{338872FD-D7FA-4A18-B93F-00421E8D07E3}.Release|Any CPU.ActiveCfg = Release|Any CPU
		{338872FD-D7FA-4A18-B93F-00421E8D07E3}.Release|Any CPU.Build.0 = Release|Any CPU
	EndGlobalSection
	GlobalSection(SolutionProperties) = preSolution
		HideSolutionNode = FALSE
	EndGlobalSection
	GlobalSection(ExtensibilityGlobals) = postSolution
		SolutionGuid = {3AB4049C-6A57-4038-ABD1-56EC6AB2018F}
	EndGlobalSection
EndGlobal
